// !$*UTF8*$!
{
	archiveVersion = 1;
	classes = {
	};
	objectVersion = 56;
	objects = {

/* Begin PBXBuildFile section */
		6C3B4C112C6389AA000DDE78 /* SettingsView.swift in Sources */ = {isa = PBXBuildFile; fileRef = 6C3B4C102C6389AA000DDE78 /* SettingsView.swift */; };
		6C3B4C132C638B9D000DDE78 /* StatsView.swift in Sources */ = {isa = PBXBuildFile; fileRef = 6C3B4C122C638B9D000DDE78 /* StatsView.swift */; };
		6C79781B2C5FB658008C4161 /* UIKitMapView.swift in Sources */ = {isa = PBXBuildFile; fileRef = 6C79781A2C5FB658008C4161 /* UIKitMapView.swift */; };
		6C79781E2C601874008C4161 /* PastLocations+CoreDataClass.swift in Sources */ = {isa = PBXBuildFile; fileRef = 6C79781C2C601874008C4161 /* PastLocations+CoreDataClass.swift */; };
		6C79781F2C601874008C4161 /* PastLocations+CoreDataProperties.swift in Sources */ = {isa = PBXBuildFile; fileRef = 6C79781D2C601874008C4161 /* PastLocations+CoreDataProperties.swift */; };
		6C938FB92C60FF2200F9C139 /* MainView.swift in Sources */ = {isa = PBXBuildFile; fileRef = 6C938FB82C60FF2200F9C139 /* MainView.swift */; };
		6CA16DD32C5E3076000C390B /* FogMapApp.swift in Sources */ = {isa = PBXBuildFile; fileRef = 6CA16DD22C5E3076000C390B /* FogMapApp.swift */; };
		6CA16DD72C5E3078000C390B /* Assets.xcassets in Resources */ = {isa = PBXBuildFile; fileRef = 6CA16DD62C5E3078000C390B /* Assets.xcassets */; };
		6CA16DDA2C5E3078000C390B /* Preview Assets.xcassets in Resources */ = {isa = PBXBuildFile; fileRef = 6CA16DD92C5E3078000C390B /* Preview Assets.xcassets */; };
		6CA16DDF2C5E3078000C390B /* FogMap.xcdatamodeld in Sources */ = {isa = PBXBuildFile; fileRef = 6CA16DDD2C5E3078000C390B /* FogMap.xcdatamodeld */; };
		6CA16DEB2C5E320E000C390B /* DataController.swift in Sources */ = {isa = PBXBuildFile; fileRef = 6CA16DEA2C5E320E000C390B /* DataController.swift */; };
		6CA16DF12C5E57A2000C390B /* LocationManager.swift in Sources */ = {isa = PBXBuildFile; fileRef = 6CA16DF02C5E57A2000C390B /* LocationManager.swift */; };
		6CA16DF42C5ECE96000C390B /* LocationPoint.swift in Sources */ = {isa = PBXBuildFile; fileRef = 6CA16DF32C5ECE96000C390B /* LocationPoint.swift */; };
		6CE095672C620E2E00D3F745 /* LaunchScreen.storyboard in Resources */ = {isa = PBXBuildFile; fileRef = 6CE095662C620E2E00D3F745 /* LaunchScreen.storyboard */; };
                16302F6EA7767B05D99F19E3 /* AppDelegate.swift in Sources */ = {isa = PBXBuildFile; fileRef = 827648ADCF5F3E86C5711116 /* AppDelegate.swift */; };
/* End PBXBuildFile section */

/* Begin PBXFileReference section */
		6C3B4C102C6389AA000DDE78 /* SettingsView.swift */ = {isa = PBXFileReference; lastKnownFileType = sourcecode.swift; path = SettingsView.swift; sourceTree = "<group>"; };
		6C3B4C122C638B9D000DDE78 /* StatsView.swift */ = {isa = PBXFileReference; lastKnownFileType = sourcecode.swift; path = StatsView.swift; sourceTree = "<group>"; };
		6C79781A2C5FB658008C4161 /* UIKitMapView.swift */ = {isa = PBXFileReference; lastKnownFileType = sourcecode.swift; path = UIKitMapView.swift; sourceTree = "<group>"; };
		6C79781C2C601874008C4161 /* PastLocations+CoreDataClass.swift */ = {isa = PBXFileReference; lastKnownFileType = sourcecode.swift; path = "PastLocations+CoreDataClass.swift"; sourceTree = "<group>"; };
		6C79781D2C601874008C4161 /* PastLocations+CoreDataProperties.swift */ = {isa = PBXFileReference; lastKnownFileType = sourcecode.swift; path = "PastLocations+CoreDataProperties.swift"; sourceTree = "<group>"; };
		6C7978252C601A8F008C4161 /* FogMap2.xcdatamodel */ = {isa = PBXFileReference; lastKnownFileType = wrapper.xcdatamodel; path = FogMap2.xcdatamodel; sourceTree = "<group>"; };
		6C90A2D62C610997004000EC /* FogMap.entitlements */ = {isa = PBXFileReference; lastKnownFileType = text.plist.entitlements; path = FogMap.entitlements; sourceTree = "<group>"; };
		6C938FB82C60FF2200F9C139 /* MainView.swift */ = {isa = PBXFileReference; lastKnownFileType = sourcecode.swift; path = MainView.swift; sourceTree = "<group>"; };
		6CA16DCF2C5E3076000C390B /* FogMap.app */ = {isa = PBXFileReference; explicitFileType = wrapper.application; includeInIndex = 0; path = FogMap.app; sourceTree = BUILT_PRODUCTS_DIR; };
		6CA16DD22C5E3076000C390B /* FogMapApp.swift */ = {isa = PBXFileReference; lastKnownFileType = sourcecode.swift; path = FogMapApp.swift; sourceTree = "<group>"; };
		6CA16DD62C5E3078000C390B /* Assets.xcassets */ = {isa = PBXFileReference; lastKnownFileType = folder.assetcatalog; path = Assets.xcassets; sourceTree = "<group>"; };
		6CA16DD92C5E3078000C390B /* Preview Assets.xcassets */ = {isa = PBXFileReference; lastKnownFileType = folder.assetcatalog; path = "Preview Assets.xcassets"; sourceTree = "<group>"; };
		6CA16DDE2C5E3078000C390B /* FogMap.xcdatamodel */ = {isa = PBXFileReference; lastKnownFileType = wrapper.xcdatamodel; path = FogMap.xcdatamodel; sourceTree = "<group>"; };
		6CA16DEA2C5E320E000C390B /* DataController.swift */ = {isa = PBXFileReference; lastKnownFileType = sourcecode.swift; name = DataController.swift; path = Model/DataController.swift; sourceTree = "<group>"; };
		6CA16DF02C5E57A2000C390B /* LocationManager.swift */ = {isa = PBXFileReference; lastKnownFileType = sourcecode.swift; path = LocationManager.swift; sourceTree = "<group>"; };
		6CA16DF22C5E6D94000C390B /* Info.plist */ = {isa = PBXFileReference; lastKnownFileType = text.plist; path = Info.plist; sourceTree = "<group>"; };
		6CA16DF32C5ECE96000C390B /* LocationPoint.swift */ = {isa = PBXFileReference; lastKnownFileType = sourcecode.swift; path = LocationPoint.swift; sourceTree = "<group>"; };
		6CE095662C620E2E00D3F745 /* LaunchScreen.storyboard */ = {isa = PBXFileReference; lastKnownFileType = file.storyboard; path = LaunchScreen.storyboard; sourceTree = "<group>"; };
                827648ADCF5F3E86C5711116 /* AppDelegate.swift */ = {isa = PBXFileReference; lastKnownFileType = sourcecode.swift; path = AppDelegate.swift; sourceTree = "<group>"; };
/* End PBXFileReference section */

/* Begin PBXFrameworksBuildPhase section */
		6CA16DCC2C5E3076000C390B /* Frameworks */ = {
			isa = PBXFrameworksBuildPhase;
			buildActionMask = 2147483647;
			files = (
			);
			runOnlyForDeploymentPostprocessing = 0;
		};
/* End PBXFrameworksBuildPhase section */

/* Begin PBXGroup section */
		6CA16DC62C5E3076000C390B = {
			isa = PBXGroup;
			children = (
				6CA16DD12C5E3076000C390B /* FogMap */,
				6CA16DD02C5E3076000C390B /* Products */,
			);
			sourceTree = "<group>";
		};
		6CA16DD02C5E3076000C390B /* Products */ = {
			isa = PBXGroup;
			children = (
				6CA16DCF2C5E3076000C390B /* FogMap.app */,
			);
			name = Products;
			sourceTree = "<group>";
		};
		6CA16DD12C5E3076000C390B /* FogMap */ = {
			isa = PBXGroup;
			children = (
				6C90A2D62C610997004000EC /* FogMap.entitlements */,
				6CE095662C620E2E00D3F745 /* LaunchScreen.storyboard */,
				6CA16DF02C5E57A2000C390B /* LocationManager.swift */,
				6CA16DF22C5E6D94000C390B /* Info.plist */,
				6CA16DE92C5E3181000C390B /* Model */,
				6CA16DD22C5E3076000C390B /* FogMapApp.swift */,
                                827648ADCF5F3E86C5711116 /* AppDelegate.swift */,
				6CA16DEA2C5E320E000C390B /* DataController.swift */,
				6C79781A2C5FB658008C4161 /* UIKitMapView.swift */,
				6C938FB82C60FF2200F9C139 /* MainView.swift */,
				6C3B4C122C638B9D000DDE78 /* StatsView.swift */,
				6C3B4C102C6389AA000DDE78 /* SettingsView.swift */,
				6CA16DF32C5ECE96000C390B /* LocationPoint.swift */,
				6CA16DD62C5E3078000C390B /* Assets.xcassets */,
				6CA16DD82C5E3078000C390B /* Preview Content */,
			);
			path = FogMap;
			sourceTree = "<group>";
		};
		6CA16DD82C5E3078000C390B /* Preview Content */ = {
			isa = PBXGroup;
			children = (
				6CA16DD92C5E3078000C390B /* Preview Assets.xcassets */,
			);
			path = "Preview Content";
			sourceTree = "<group>";
		};
		6CA16DE92C5E3181000C390B /* Model */ = {
			isa = PBXGroup;
			children = (
				6C79781C2C601874008C4161 /* PastLocations+CoreDataClass.swift */,
				6C79781D2C601874008C4161 /* PastLocations+CoreDataProperties.swift */,
				6CA16DDD2C5E3078000C390B /* FogMap.xcdatamodeld */,
			);
			path = Model;
			sourceTree = "<group>";
		};
/* End PBXGroup section */

/* Begin PBXNativeTarget section */
		6CA16DCE2C5E3076000C390B /* FogMap */ = {
			isa = PBXNativeTarget;
			buildConfigurationList = 6CA16DE22C5E3078000C390B /* Build configuration list for PBXNativeTarget "FogMap" */;
			buildPhases = (
				6CA16DCB2C5E3076000C390B /* Sources */,
				6CA16DCC2C5E3076000C390B /* Frameworks */,
				6CA16DCD2C5E3076000C390B /* Resources */,
			);
			buildRules = (
			);
			dependencies = (
			);
			name = FogMap;
			productName = FogMap;
			productReference = 6CA16DCF2C5E3076000C390B /* FogMap.app */;
			productType = "com.apple.product-type.application";
		};
/* End PBXNativeTarget section */

/* Begin PBXProject section */
		6CA16DC72C5E3076000C390B /* Project object */ = {
			isa = PBXProject;
			attributes = {
				BuildIndependentTargetsInParallel = 1;
				LastSwiftUpdateCheck = 1540;
				LastUpgradeCheck = 1540;
				TargetAttributes = {
					6CA16DCE2C5E3076000C390B = {
						CreatedOnToolsVersion = 15.4;
					};
				};
			};
			buildConfigurationList = 6CA16DCA2C5E3076000C390B /* Build configuration list for PBXProject "FogMap" */;
			compatibilityVersion = "Xcode 14.0";
			developmentRegion = en;
			hasScannedForEncodings = 0;
			knownRegions = (
				en,
				Base,
			);
			mainGroup = 6CA16DC62C5E3076000C390B;
			productRefGroup = 6CA16DD02C5E3076000C390B /* Products */;
			projectDirPath = "";
			projectRoot = "";
			targets = (
				6CA16DCE2C5E3076000C390B /* FogMap */,
			);
		};
/* End PBXProject section */

/* Begin PBXResourcesBuildPhase section */
		6CA16DCD2C5E3076000C390B /* Resources */ = {
			isa = PBXResourcesBuildPhase;
			buildActionMask = 2147483647;
			files = (
				6CE095672C620E2E00D3F745 /* LaunchScreen.storyboard in Resources */,
				6CA16DDA2C5E3078000C390B /* Preview Assets.xcassets in Resources */,
				6CA16DD72C5E3078000C390B /* Assets.xcassets in Resources */,
			);
			runOnlyForDeploymentPostprocessing = 0;
		};
/* End PBXResourcesBuildPhase section */

/* Begin PBXSourcesBuildPhase section */
		6CA16DCB2C5E3076000C390B /* Sources */ = {
			isa = PBXSourcesBuildPhase;
			buildActionMask = 2147483647;
			files = (
				6CA16DDF2C5E3078000C390B /* FogMap.xcdatamodeld in Sources */,
				6CA16DF42C5ECE96000C390B /* LocationPoint.swift in Sources */,
				6C79781E2C601874008C4161 /* PastLocations+CoreDataClass.swift in Sources */,
				6C938FB92C60FF2200F9C139 /* MainView.swift in Sources */,
				6C79781F2C601874008C4161 /* PastLocations+CoreDataProperties.swift in Sources */,
				6CA16DEB2C5E320E000C390B /* DataController.swift in Sources */,
				6CA16DF12C5E57A2000C390B /* LocationManager.swift in Sources */,
				6C79781B2C5FB658008C4161 /* UIKitMapView.swift in Sources */,
				6C3B4C132C638B9D000DDE78 /* StatsView.swift in Sources */,
				6CA16DD32C5E3076000C390B /* FogMapApp.swift in Sources */,
                                16302F6EA7767B05D99F19E3 /* AppDelegate.swift in Sources */,
				6C3B4C112C6389AA000DDE78 /* SettingsView.swift in Sources */,
			);
			runOnlyForDeploymentPostprocessing = 0;
		};
/* End PBXSourcesBuildPhase section */

/* Begin XCBuildConfiguration section */
		6CA16DE02C5E3078000C390B /* Debug */ = {
			isa = XCBuildConfiguration;
			buildSettings = {
				ALWAYS_SEARCH_USER_PATHS = NO;
				ASSETCATALOG_COMPILER_GENERATE_SWIFT_ASSET_SYMBOL_EXTENSIONS = YES;
				CLANG_ANALYZER_NONNULL = YES;
				CLANG_ANALYZER_NUMBER_OBJECT_CONVERSION = YES_AGGRESSIVE;
				CLANG_CXX_LANGUAGE_STANDARD = "gnu++20";
				CLANG_ENABLE_MODULES = YES;
				CLANG_ENABLE_OBJC_ARC = YES;
				CLANG_ENABLE_OBJC_WEAK = YES;
				CLANG_WARN_BLOCK_CAPTURE_AUTORELEASING = YES;
				CLANG_WARN_BOOL_CONVERSION = YES;
				CLANG_WARN_COMMA = YES;
				CLANG_WARN_CONSTANT_CONVERSION = YES;
				CLANG_WARN_DEPRECATED_OBJC_IMPLEMENTATIONS = YES;
				CLANG_WARN_DIRECT_OBJC_ISA_USAGE = YES_ERROR;
				CLANG_WARN_DOCUMENTATION_COMMENTS = YES;
				CLANG_WARN_EMPTY_BODY = YES;
				CLANG_WARN_ENUM_CONVERSION = YES;
				CLANG_WARN_INFINITE_RECURSION = YES;
				CLANG_WARN_INT_CONVERSION = YES;
				CLANG_WARN_NON_LITERAL_NULL_CONVERSION = YES;
				CLANG_WARN_OBJC_IMPLICIT_RETAIN_SELF = YES;
				CLANG_WARN_OBJC_LITERAL_CONVERSION = YES;
				CLANG_WARN_OBJC_ROOT_CLASS = YES_ERROR;
				CLANG_WARN_QUOTED_INCLUDE_IN_FRAMEWORK_HEADER = YES;
				CLANG_WARN_RANGE_LOOP_ANALYSIS = YES;
				CLANG_WARN_STRICT_PROTOTYPES = YES;
				CLANG_WARN_SUSPICIOUS_MOVE = YES;
				CLANG_WARN_UNGUARDED_AVAILABILITY = YES_AGGRESSIVE;
				CLANG_WARN_UNREACHABLE_CODE = YES;
				CLANG_WARN__DUPLICATE_METHOD_MATCH = YES;
				COPY_PHASE_STRIP = NO;
				DEBUG_INFORMATION_FORMAT = dwarf;
				ENABLE_STRICT_OBJC_MSGSEND = YES;
				ENABLE_TESTABILITY = YES;
				ENABLE_USER_SCRIPT_SANDBOXING = YES;
				GCC_C_LANGUAGE_STANDARD = gnu17;
				GCC_DYNAMIC_NO_PIC = NO;
				GCC_NO_COMMON_BLOCKS = YES;
				GCC_OPTIMIZATION_LEVEL = 0;
				GCC_PREPROCESSOR_DEFINITIONS = (
					"DEBUG=1",
					"$(inherited)",
				);
				GCC_WARN_64_TO_32_BIT_CONVERSION = YES;
				GCC_WARN_ABOUT_RETURN_TYPE = YES_ERROR;
				GCC_WARN_UNDECLARED_SELECTOR = YES;
				GCC_WARN_UNINITIALIZED_AUTOS = YES_AGGRESSIVE;
				GCC_WARN_UNUSED_FUNCTION = YES;
				GCC_WARN_UNUSED_VARIABLE = YES;
				IPHONEOS_DEPLOYMENT_TARGET = 17.5;
				LOCALIZATION_PREFERS_STRING_CATALOGS = YES;
				MTL_ENABLE_DEBUG_INFO = INCLUDE_SOURCE;
				MTL_FAST_MATH = YES;
				ONLY_ACTIVE_ARCH = YES;
				SDKROOT = iphoneos;
				SWIFT_ACTIVE_COMPILATION_CONDITIONS = "DEBUG $(inherited)";
				SWIFT_OPTIMIZATION_LEVEL = "-Onone";
			};
			name = Debug;
		};
		6CA16DE12C5E3078000C390B /* Release */ = {
			isa = XCBuildConfiguration;
			buildSettings = {
				ALWAYS_SEARCH_USER_PATHS = NO;
				ASSETCATALOG_COMPILER_GENERATE_SWIFT_ASSET_SYMBOL_EXTENSIONS = YES;
				CLANG_ANALYZER_NONNULL = YES;
				CLANG_ANALYZER_NUMBER_OBJECT_CONVERSION = YES_AGGRESSIVE;
				CLANG_CXX_LANGUAGE_STANDARD = "gnu++20";
				CLANG_ENABLE_MODULES = YES;
				CLANG_ENABLE_OBJC_ARC = YES;
				CLANG_ENABLE_OBJC_WEAK = YES;
				CLANG_WARN_BLOCK_CAPTURE_AUTORELEASING = YES;
				CLANG_WARN_BOOL_CONVERSION = YES;
				CLANG_WARN_COMMA = YES;
				CLANG_WARN_CONSTANT_CONVERSION = YES;
				CLANG_WARN_DEPRECATED_OBJC_IMPLEMENTATIONS = YES;
				CLANG_WARN_DIRECT_OBJC_ISA_USAGE = YES_ERROR;
				CLANG_WARN_DOCUMENTATION_COMMENTS = YES;
				CLANG_WARN_EMPTY_BODY = YES;
				CLANG_WARN_ENUM_CONVERSION = YES;
				CLANG_WARN_INFINITE_RECURSION = YES;
				CLANG_WARN_INT_CONVERSION = YES;
				CLANG_WARN_NON_LITERAL_NULL_CONVERSION = YES;
				CLANG_WARN_OBJC_IMPLICIT_RETAIN_SELF = YES;
				CLANG_WARN_OBJC_LITERAL_CONVERSION = YES;
				CLANG_WARN_OBJC_ROOT_CLASS = YES_ERROR;
				CLANG_WARN_QUOTED_INCLUDE_IN_FRAMEWORK_HEADER = YES;
				CLANG_WARN_RANGE_LOOP_ANALYSIS = YES;
				CLANG_WARN_STRICT_PROTOTYPES = YES;
				CLANG_WARN_SUSPICIOUS_MOVE = YES;
				CLANG_WARN_UNGUARDED_AVAILABILITY = YES_AGGRESSIVE;
				CLANG_WARN_UNREACHABLE_CODE = YES;
				CLANG_WARN__DUPLICATE_METHOD_MATCH = YES;
				COPY_PHASE_STRIP = NO;
				DEBUG_INFORMATION_FORMAT = "dwarf-with-dsym";
				ENABLE_NS_ASSERTIONS = NO;
				ENABLE_STRICT_OBJC_MSGSEND = YES;
				ENABLE_USER_SCRIPT_SANDBOXING = YES;
				GCC_C_LANGUAGE_STANDARD = gnu17;
				GCC_NO_COMMON_BLOCKS = YES;
				GCC_WARN_64_TO_32_BIT_CONVERSION = YES;
				GCC_WARN_ABOUT_RETURN_TYPE = YES_ERROR;
				GCC_WARN_UNDECLARED_SELECTOR = YES;
				GCC_WARN_UNINITIALIZED_AUTOS = YES_AGGRESSIVE;
				GCC_WARN_UNUSED_FUNCTION = YES;
				GCC_WARN_UNUSED_VARIABLE = YES;
				IPHONEOS_DEPLOYMENT_TARGET = 17.5;
				LOCALIZATION_PREFERS_STRING_CATALOGS = YES;
				MTL_ENABLE_DEBUG_INFO = NO;
				MTL_FAST_MATH = YES;
				SDKROOT = iphoneos;
				SWIFT_COMPILATION_MODE = wholemodule;
				VALIDATE_PRODUCT = YES;
			};
			name = Release;
		};
		6CA16DE32C5E3078000C390B /* Debug */ = {
			isa = XCBuildConfiguration;
			buildSettings = {
				ASSETCATALOG_COMPILER_APPICON_NAME = AppIcon;
				ASSETCATALOG_COMPILER_GLOBAL_ACCENT_COLOR_NAME = AccentColor;
				CODE_SIGN_ENTITLEMENTS = FogMap/FogMap.entitlements;
				CODE_SIGN_STYLE = Automatic;
				CURRENT_PROJECT_VERSION = 1;
				DEVELOPMENT_ASSET_PATHS = "\"FogMap/Preview Content\"";
				DEVELOPMENT_TEAM = SSJBLTMP95;
				ENABLE_PREVIEWS = YES;
				GENERATE_INFOPLIST_FILE = YES;
				INFOPLIST_FILE = FogMap/Info.plist;
				INFOPLIST_KEY_NSLocationAlwaysAndWhenInUseUsageDescription = "We need your location information to keep your explored map up to date.";
				INFOPLIST_KEY_NSLocationWhenInUseUsageDescription = "We need your location information to keep your explored map up to date.";
				INFOPLIST_KEY_UIApplicationSceneManifest_Generation = YES;
				INFOPLIST_KEY_UIApplicationSupportsIndirectInputEvents = YES;
				INFOPLIST_KEY_UILaunchStoryboardName = LaunchScreen;
				INFOPLIST_KEY_UISupportedInterfaceOrientations_iPad = "UIInterfaceOrientationPortrait UIInterfaceOrientationPortraitUpsideDown UIInterfaceOrientationLandscapeLeft UIInterfaceOrientationLandscapeRight";
				INFOPLIST_KEY_UISupportedInterfaceOrientations_iPhone = "UIInterfaceOrientationPortrait UIInterfaceOrientationLandscapeLeft UIInterfaceOrientationLandscapeRight";
				LD_RUNPATH_SEARCH_PATHS = (
					"$(inherited)",
					"@executable_path/Frameworks",
				);
				MARKETING_VERSION = 1.0;
				PRODUCT_BUNDLE_IDENTIFIER = oliverhnat.FogMap;
				PRODUCT_NAME = "$(TARGET_NAME)";
				SWIFT_EMIT_LOC_STRINGS = YES;
				SWIFT_VERSION = 5.0;
				TARGETED_DEVICE_FAMILY = "1,2";
			};
			name = Debug;
		};
		6CA16DE42C5E3078000C390B /* Release */ = {
			isa = XCBuildConfiguration;
			buildSettings = {
				ASSETCATALOG_COMPILER_APPICON_NAME = AppIcon;
				ASSETCATALOG_COMPILER_GLOBAL_ACCENT_COLOR_NAME = AccentColor;
				CODE_SIGN_ENTITLEMENTS = FogMap/FogMap.entitlements;
				CODE_SIGN_STYLE = Automatic;
				CURRENT_PROJECT_VERSION = 1;
				DEVELOPMENT_ASSET_PATHS = "\"FogMap/Preview Content\"";
				DEVELOPMENT_TEAM = SSJBLTMP95;
				ENABLE_PREVIEWS = YES;
				GENERATE_INFOPLIST_FILE = YES;
				INFOPLIST_FILE = FogMap/Info.plist;
				INFOPLIST_KEY_NSLocationAlwaysAndWhenInUseUsageDescription = "We need your location information to keep your explored map up to date.";
				INFOPLIST_KEY_NSLocationWhenInUseUsageDescription = "We need your location information to keep your explored map up to date.";
				INFOPLIST_KEY_UIApplicationSceneManifest_Generation = YES;
				INFOPLIST_KEY_UIApplicationSupportsIndirectInputEvents = YES;
				INFOPLIST_KEY_UILaunchStoryboardName = LaunchScreen;
				INFOPLIST_KEY_UISupportedInterfaceOrientations_iPad = "UIInterfaceOrientationPortrait UIInterfaceOrientationPortraitUpsideDown UIInterfaceOrientationLandscapeLeft UIInterfaceOrientationLandscapeRight";
				INFOPLIST_KEY_UISupportedInterfaceOrientations_iPhone = "UIInterfaceOrientationPortrait UIInterfaceOrientationLandscapeLeft UIInterfaceOrientationLandscapeRight";
				LD_RUNPATH_SEARCH_PATHS = (
					"$(inherited)",
					"@executable_path/Frameworks",
				);
				MARKETING_VERSION = 1.0;
				PRODUCT_BUNDLE_IDENTIFIER = oliverhnat.FogMap;
				PRODUCT_NAME = "$(TARGET_NAME)";
				SWIFT_EMIT_LOC_STRINGS = YES;
				SWIFT_VERSION = 5.0;
				TARGETED_DEVICE_FAMILY = "1,2";
			};
			name = Release;
		};
/* End XCBuildConfiguration section */

/* Begin XCConfigurationList section */
		6CA16DCA2C5E3076000C390B /* Build configuration list for PBXProject "FogMap" */ = {
			isa = XCConfigurationList;
			buildConfigurations = (
				6CA16DE02C5E3078000C390B /* Debug */,
				6CA16DE12C5E3078000C390B /* Release */,
			);
			defaultConfigurationIsVisible = 0;
			defaultConfigurationName = Release;
		};
		6CA16DE22C5E3078000C390B /* Build configuration list for PBXNativeTarget "FogMap" */ = {
			isa = XCConfigurationList;
			buildConfigurations = (
				6CA16DE32C5E3078000C390B /* Debug */,
				6CA16DE42C5E3078000C390B /* Release */,
			);
			defaultConfigurationIsVisible = 0;
			defaultConfigurationName = Release;
		};
/* End XCConfigurationList section */

/* Begin XCVersionGroup section */
		6CA16DDD2C5E3078000C390B /* FogMap.xcdatamodeld */ = {
			isa = XCVersionGroup;
			children = (
				6C7978252C601A8F008C4161 /* FogMap2.xcdatamodel */,
				6CA16DDE2C5E3078000C390B /* FogMap.xcdatamodel */,
			);
			currentVersion = 6C7978252C601A8F008C4161 /* FogMap2.xcdatamodel */;
			path = FogMap.xcdatamodeld;
			sourceTree = "<group>";
			versionGroupType = wrapper.xcdatamodel;
		};
/* End XCVersionGroup section */
	};
	rootObject = 6CA16DC72C5E3076000C390B /* Project object */;
}
